{
  "name": "conlove",
  "version": "1.0.0",
  "lockfileVersion": 1,
  "requires": true,
  "dependencies": {
    "uview-ui": {
      "version": "1.4.8",
      "resolved": "https://registry.npm.taobao.org/uview-ui/download/uview-ui-1.4.8.tgz",
      "integrity": "sha1-QMzfSOox68wR2r7It2zuwKOUdN4="
    }
  }
}
